
Microsoft Visual Studio Solution File, Format Version 12.00
Project("{2150E333-8FDC-42A3-9474-1A3956D46DE8}") = "1-Navigation", "1-Navigation", "{19DC2054-2AD4-4E00-A7F4-34EAB9715E43}"
EndProject
Project("{2150E333-8FDC-42A3-9474-1A3956D46DE8}") = "2-Application", "2-Application", "{F9FB22C5-833F-4E54-84B7-4EC190353C00}"
EndProject
Project("{FAE04EC0-301F-11D3-BF4B-00C04F79EFBC}") = "YourShares.RestApi", "YourShares.RestApi\YourShares.RestApi.csproj", "{CFAC2679-B336-4A17-9441-B2E17ABE62FC}"
EndProject
Project("{FAE04EC0-301F-11D3-BF4B-00C04F79EFBC}") = "YourShares.IoC", "YourShares.IoC\YourShares.IoC.csproj", "{13BAD0D4-BBE5-4F5F-8C1E-6A0C56EBD97D}"
EndProject
Project("{FAE04EC0-301F-11D3-BF4B-00C04F79EFBC}") = "YourShares.Identity", "YourShares.Identity\YourShares.Identity.csproj", "{88D15F5A-0263-4E73-BEF6-564495B4BEDE}"
EndProject
Project("{FAE04EC0-301F-11D3-BF4B-00C04F79EFBC}") = "YourShares.Data", "YourShares.Data\YourShares.Data.csproj", "{236F3E81-1656-467F-B1FD-BD014CA1DA6F}"
EndProject
Project("{FAE04EC0-301F-11D3-BF4B-00C04F79EFBC}") = "YourShares.Application", "YourShares.Application\YourShares.Application.csproj", "{52EF5B10-D012-418F-AF72-595B25FB68D5}"
EndProject
Project("{FAE04EC0-301F-11D3-BF4B-00C04F79EFBC}") = "YourShares.Domain", "YourShares.Domain\YourShares.Domain.csproj", "{B2679F8C-BB76-4587-B7C6-A5B6EE8AC515}"
EndProject
Global
	GlobalSection(SolutionConfigurationPlatforms) = preSolution
		Debug|Any CPU = Debug|Any CPU
		Release|Any CPU = Release|Any CPU
	EndGlobalSection
	GlobalSection(NestedProjects) = preSolution
		{CFAC2679-B336-4A17-9441-B2E17ABE62FC} = {19DC2054-2AD4-4E00-A7F4-34EAB9715E43}
		{13BAD0D4-BBE5-4F5F-8C1E-6A0C56EBD97D} = {19DC2054-2AD4-4E00-A7F4-34EAB9715E43}
		{88D15F5A-0263-4E73-BEF6-564495B4BEDE} = {19DC2054-2AD4-4E00-A7F4-34EAB9715E43}
		{236F3E81-1656-467F-B1FD-BD014CA1DA6F} = {F9FB22C5-833F-4E54-84B7-4EC190353C00}
		{52EF5B10-D012-418F-AF72-595B25FB68D5} = {F9FB22C5-833F-4E54-84B7-4EC190353C00}
		{B2679F8C-BB76-4587-B7C6-A5B6EE8AC515} = {F9FB22C5-833F-4E54-84B7-4EC190353C00}
	EndGlobalSection
	GlobalSection(ProjectConfigurationPlatforms) = postSolution
		{CFAC2679-B336-4A17-9441-B2E17ABE62FC}.Debug|Any CPU.ActiveCfg = Debug|Any CPU
		{CFAC2679-B336-4A17-9441-B2E17ABE62FC}.Debug|Any CPU.Build.0 = Debug|Any CPU
		{CFAC2679-B336-4A17-9441-B2E17ABE62FC}.Release|Any CPU.ActiveCfg = Release|Any CPU
		{CFAC2679-B336-4A17-9441-B2E17ABE62FC}.Release|Any CPU.Build.0 = Release|Any CPU
		{13BAD0D4-BBE5-4F5F-8C1E-6A0C56EBD97D}.Debug|Any CPU.ActiveCfg = Debug|Any CPU
		{13BAD0D4-BBE5-4F5F-8C1E-6A0C56EBD97D}.Debug|Any CPU.Build.0 = Debug|Any CPU
		{13BAD0D4-BBE5-4F5F-8C1E-6A0C56EBD97D}.Release|Any CPU.ActiveCfg = Release|Any CPU
		{13BAD0D4-BBE5-4F5F-8C1E-6A0C56EBD97D}.Release|Any CPU.Build.0 = Release|Any CPU
		{88D15F5A-0263-4E73-BEF6-564495B4BEDE}.Debug|Any CPU.ActiveCfg = Debug|Any CPU
		{88D15F5A-0263-4E73-BEF6-564495B4BEDE}.Debug|Any CPU.Build.0 = Debug|Any CPU
		{88D15F5A-0263-4E73-BEF6-564495B4BEDE}.Release|Any CPU.ActiveCfg = Release|Any CPU
		{88D15F5A-0263-4E73-BEF6-564495B4BEDE}.Release|Any CPU.Build.0 = Release|Any CPU
		{236F3E81-1656-467F-B1FD-BD014CA1DA6F}.Debug|Any CPU.ActiveCfg = Debug|Any CPU
		{236F3E81-1656-467F-B1FD-BD014CA1DA6F}.Debug|Any CPU.Build.0 = Debug|Any CPU
		{236F3E81-1656-467F-B1FD-BD014CA1DA6F}.Release|Any CPU.ActiveCfg = Release|Any CPU
		{236F3E81-1656-467F-B1FD-BD014CA1DA6F}.Release|Any CPU.Build.0 = Release|Any CPU
		{52EF5B10-D012-418F-AF72-595B25FB68D5}.Debug|Any CPU.ActiveCfg = Debug|Any CPU
		{52EF5B10-D012-418F-AF72-595B25FB68D5}.Debug|Any CPU.Build.0 = Debug|Any CPU
		{52EF5B10-D012-418F-AF72-595B25FB68D5}.Release|Any CPU.ActiveCfg = Release|Any CPU
		{52EF5B10-D012-418F-AF72-595B25FB68D5}.Release|Any CPU.Build.0 = Release|Any CPU
		{B2679F8C-BB76-4587-B7C6-A5B6EE8AC515}.Debug|Any CPU.ActiveCfg = Debug|Any CPU
		{B2679F8C-BB76-4587-B7C6-A5B6EE8AC515}.Debug|Any CPU.Build.0 = Debug|Any CPU
		{B2679F8C-BB76-4587-B7C6-A5B6EE8AC515}.Release|Any CPU.ActiveCfg = Release|Any CPU
		{B2679F8C-BB76-4587-B7C6-A5B6EE8AC515}.Release|Any CPU.Build.0 = Release|Any CPU
	EndGlobalSection
EndGlobal
